# generated by rye
# use `rye lock` or `rye sync` to update this lockfile
#
# last locked with the following flags:
#   pre: false
#   features: []
#   all-features: false
#   with-sources: false
#   generate-hashes: false

-e file:packages-py/chat
    # via omu-chatprovider
    # via omuplugin-archive
    # via omuplugin-chat
    # via omuplugin-emoji
    # via omuplugin-nyanya
    # via omuplugin-obssync
    # via omuplugin-onecomme
    # via omuplugin-translator
-e file:packages-py/chat-provider
    # via omu-chat-youtube
-e file:packages-py/chat-youtube
-e file:packages-py/omu
    # via omu-chat
    # via omuplugin-marshmallow
    # via omuserver
-e file:packages-py/plugin-archive
-e file:packages-py/plugin-chat
-e file:packages-py/plugin-emoji
-e file:packages-py/plugin-marshmallow
-e file:packages-py/plugin-nyanya
-e file:packages-py/plugin-obssync
-e file:packages-py/plugin-onecomme
-e file:packages-py/plugin-translator
-e file:packages-py/server
aiohttp==3.9.5
    # via edgetrans
    # via iwashi
    # via marshmallowqa-py
    # via omu
    # via omu-chatprovider
    # via omuserver
aiosignal==1.3.1
    # via aiohttp
annotated-types==0.7.0
    # via pydantic
attrs==23.2.0
    # via aiohttp
beautifulsoup4==4.12.3
    # via bs4
    # via marshmallowqa-py
    # via omu-chatprovider
brotli==1.1.0
    # via yt-dlp
bs4==0.0.2
    # via iwashi
certifi==2024.6.2
    # via requests
    # via yt-dlp
charset-normalizer==3.3.2
    # via requests
click==8.1.7
    # via iwashi
    # via omuserver
colorama==0.4.6
    # via click
    # via loguru
edgetrans==0.2.3
    # via omuplugin-translator
frozenlist==1.4.1
    # via aiohttp
    # via aiosignal
idna==3.7
    # via requests
    # via yarl
iwashi==3.0.5
    # via omu-chatprovider
    # via omuplugin-chat
loguru==0.7.2
    # via iwashi
    # via omu
    # via omu-chat
    # via omu-chat-youtube
    # via omu-chatprovider
    # via omuplugin-archive
    # via omuplugin-chat
    # via omuplugin-emoji
    # via omuplugin-marshmallow
    # via omuplugin-nyanya
    # via omuplugin-obssync
    # via omuplugin-onecomme
    # via omuplugin-translator
    # via omuserver
lxml==5.2.2
    # via omu-chatprovider
marshmallowqa-py==0.5.0
    # via omuplugin-marshmallow
multidict==6.0.5
    # via aiohttp
    # via yarl
mutagen==1.47.0
    # via yt-dlp
packaging==24.1
    # via omuserver
pip==24.1
    # via omuserver
psutil==6.0.0
    # via omuplugin-obssync
    # via omuserver
pycryptodomex==3.20.0
    # via yt-dlp
pydantic==2.7.4
    # via marshmallowqa-py
pydantic-core==2.18.4
    # via pydantic
requests==2.32.3
    # via yt-dlp
result==0.17.0
    # via omu
    # via omuserver
rookiepy==0.5.1
    # via marshmallowqa-py
soupsieve==2.5
    # via beautifulsoup4
typing-extensions==4.12.2
    # via pydantic
    # via pydantic-core
urllib3==2.2.2
    # via requests
    # via yt-dlp
uv==0.2.15
    # via omuserver
websockets==12.0
    # via yt-dlp
win32-setctime==1.1.0
    # via loguru
yarl==1.9.4
    # via aiohttp
yt-dlp==2024.5.27
    # via omuplugin-archive
